// !$*UTF8*$!
{
	archiveVersion = 1;
	classes = {
	};
	objectVersion = 56;
	objects = {

/* Begin PBXBuildFile section */
		3D2854E32A25A508008A24D7 /* MovieFeedApp.swift in Sources */ = {isa = PBXBuildFile; fileRef = 3D2854E22A25A508008A24D7 /* MovieFeedApp.swift */; };
		3D2854E52A25A508008A24D7 /* ContentView.swift in Sources */ = {isa = PBXBuildFile; fileRef = 3D2854E42A25A508008A24D7 /* ContentView.swift */; };
		3D2854E72A25A50B008A24D7 /* Assets.xcassets in Resources */ = {isa = PBXBuildFile; fileRef = 3D2854E62A25A50B008A24D7 /* Assets.xcassets */; };
		3D2854EA2A25A50B008A24D7 /* Preview Assets.xcassets in Resources */ = {isa = PBXBuildFile; fileRef = 3D2854E92A25A50B008A24D7 /* Preview Assets.xcassets */; };
		3D2854EC2A25A50B008A24D7 /* Persistence.swift in Sources */ = {isa = PBXBuildFile; fileRef = 3D2854EB2A25A50B008A24D7 /* Persistence.swift */; };
		3D2854EF2A25A50B008A24D7 /* MovieFeed.xcdatamodeld in Sources */ = {isa = PBXBuildFile; fileRef = 3D2854ED2A25A50B008A24D7 /* MovieFeed.xcdatamodeld */; };
		3DDB5C942A25CAAF00729AAD /* ContentListView.swift in Sources */ = {isa = PBXBuildFile; fileRef = 3DDB5C932A25CAAF00729AAD /* ContentListView.swift */; };
		3DDB5C962A25CE0C00729AAD /* PosterView.swift in Sources */ = {isa = PBXBuildFile; fileRef = 3DDB5C952A25CE0C00729AAD /* PosterView.swift */; };
		3DDB5C982A25D7DC00729AAD /* ApiService.swift in Sources */ = {isa = PBXBuildFile; fileRef = 3DDB5C972A25D7DC00729AAD /* ApiService.swift */; };
		3DDB5C9B2A25DA5A00729AAD /* ApiURLStrings.swift in Sources */ = {isa = PBXBuildFile; fileRef = 3DDB5C9A2A25DA5A00729AAD /* ApiURLStrings.swift */; };
		3DDB5C9D2A25DCEE00729AAD /* MovieModel.swift in Sources */ = {isa = PBXBuildFile; fileRef = 3DDB5C9C2A25DCEE00729AAD /* MovieModel.swift */; };
		3DDB5C9F2A25F6B900729AAD /* Genres.swift in Sources */ = {isa = PBXBuildFile; fileRef = 3DDB5C9E2A25F6B900729AAD /* Genres.swift */; };
		FD3597DC2A2CFA5A00B6BC6C /* ContentDetailView.swift in Sources */ = {isa = PBXBuildFile; fileRef = FD3597DB2A2CFA5A00B6BC6C /* ContentDetailView.swift */; };
		FD4F2A9B2A2B9D2500A5D9D0 /* CustomProgressView.swift in Sources */ = {isa = PBXBuildFile; fileRef = FD4F2A9A2A2B9D2500A5D9D0 /* CustomProgressView.swift */; };
		FD4F2A9D2A2BA94700A5D9D0 /* LongTextView.swift in Sources */ = {isa = PBXBuildFile; fileRef = FD4F2A9C2A2BA94700A5D9D0 /* LongTextView.swift */; };
		FD4F2A9F2A2BAAF600A5D9D0 /* BackdropImageView.swift in Sources */ = {isa = PBXBuildFile; fileRef = FD4F2A9E2A2BAAF600A5D9D0 /* BackdropImageView.swift */; };
		FD4F2AA52A2BACF500A5D9D0 /* DetailViewModel.swift in Sources */ = {isa = PBXBuildFile; fileRef = FD4F2AA42A2BACF500A5D9D0 /* DetailViewModel.swift */; };
		FD5E2B802A2A54DC00796739 /* TrendingModel.swift in Sources */ = {isa = PBXBuildFile; fileRef = FD5E2B7F2A2A54DC00796739 /* TrendingModel.swift */; };
		FD5E2B822A2A604100796739 /* CollectionRowVerticalView.swift in Sources */ = {isa = PBXBuildFile; fileRef = FD5E2B812A2A604100796739 /* CollectionRowVerticalView.swift */; };
		FD64CE142A2663EF00EFAF9B /* ContentViewModel.swift in Sources */ = {isa = PBXBuildFile; fileRef = FD64CE132A2663EF00EFAF9B /* ContentViewModel.swift */; };
		FD7558E12A28DABF0011AFC5 /* CollectionRowHorizontalView.swift in Sources */ = {isa = PBXBuildFile; fileRef = FD7558E02A28DABF0011AFC5 /* CollectionRowHorizontalView.swift */; };
		FD7B6A0E2A29B85D00857E38 /* CacheImage.swift in Sources */ = {isa = PBXBuildFile; fileRef = FD7B6A0D2A29B85D00857E38 /* CacheImage.swift */; };
		FD7B6A102A29B9AB00857E38 /* CacheManager.swift in Sources */ = {isa = PBXBuildFile; fileRef = FD7B6A0F2A29B9AB00857E38 /* CacheManager.swift */; };
		FDE8DDF82A27A6C4005A16A3 /* TVSeriesModel.swift in Sources */ = {isa = PBXBuildFile; fileRef = FDE8DDF72A27A6C4005A16A3 /* TVSeriesModel.swift */; };
/* End PBXBuildFile section */

/* Begin PBXFileReference section */
		3D2854DF2A25A508008A24D7 /* MovieFeed.app */ = {isa = PBXFileReference; explicitFileType = wrapper.application; includeInIndex = 0; path = MovieFeed.app; sourceTree = BUILT_PRODUCTS_DIR; };
		3D2854E22A25A508008A24D7 /* MovieFeedApp.swift */ = {isa = PBXFileReference; lastKnownFileType = sourcecode.swift; path = MovieFeedApp.swift; sourceTree = "<group>"; };
		3D2854E42A25A508008A24D7 /* ContentView.swift */ = {isa = PBXFileReference; lastKnownFileType = sourcecode.swift; path = ContentView.swift; sourceTree = "<group>"; };
		3D2854E62A25A50B008A24D7 /* Assets.xcassets */ = {isa = PBXFileReference; lastKnownFileType = folder.assetcatalog; path = Assets.xcassets; sourceTree = "<group>"; };
		3D2854E92A25A50B008A24D7 /* Preview Assets.xcassets */ = {isa = PBXFileReference; lastKnownFileType = folder.assetcatalog; path = "Preview Assets.xcassets"; sourceTree = "<group>"; };
		3D2854EB2A25A50B008A24D7 /* Persistence.swift */ = {isa = PBXFileReference; lastKnownFileType = sourcecode.swift; path = Persistence.swift; sourceTree = "<group>"; };
		3D2854EE2A25A50B008A24D7 /* MovieFeed.xcdatamodel */ = {isa = PBXFileReference; lastKnownFileType = wrapper.xcdatamodel; path = MovieFeed.xcdatamodel; sourceTree = "<group>"; };
		3DDB5C932A25CAAF00729AAD /* ContentListView.swift */ = {isa = PBXFileReference; lastKnownFileType = sourcecode.swift; path = ContentListView.swift; sourceTree = "<group>"; };
		3DDB5C952A25CE0C00729AAD /* PosterView.swift */ = {isa = PBXFileReference; lastKnownFileType = sourcecode.swift; path = PosterView.swift; sourceTree = "<group>"; };
		3DDB5C972A25D7DC00729AAD /* ApiService.swift */ = {isa = PBXFileReference; lastKnownFileType = sourcecode.swift; path = ApiService.swift; sourceTree = "<group>"; };
		3DDB5C9A2A25DA5A00729AAD /* ApiURLStrings.swift */ = {isa = PBXFileReference; lastKnownFileType = sourcecode.swift; path = ApiURLStrings.swift; sourceTree = "<group>"; };
		3DDB5C9C2A25DCEE00729AAD /* MovieModel.swift */ = {isa = PBXFileReference; lastKnownFileType = sourcecode.swift; path = MovieModel.swift; sourceTree = "<group>"; };
		3DDB5C9E2A25F6B900729AAD /* Genres.swift */ = {isa = PBXFileReference; lastKnownFileType = sourcecode.swift; path = Genres.swift; sourceTree = "<group>"; };
		FD3597DB2A2CFA5A00B6BC6C /* ContentDetailView.swift */ = {isa = PBXFileReference; lastKnownFileType = sourcecode.swift; path = ContentDetailView.swift; sourceTree = "<group>"; };
		FD4F2A9A2A2B9D2500A5D9D0 /* CustomProgressView.swift */ = {isa = PBXFileReference; lastKnownFileType = sourcecode.swift; path = CustomProgressView.swift; sourceTree = "<group>"; };
		FD4F2A9C2A2BA94700A5D9D0 /* LongTextView.swift */ = {isa = PBXFileReference; lastKnownFileType = sourcecode.swift; path = LongTextView.swift; sourceTree = "<group>"; };
		FD4F2A9E2A2BAAF600A5D9D0 /* BackdropImageView.swift */ = {isa = PBXFileReference; lastKnownFileType = sourcecode.swift; path = BackdropImageView.swift; sourceTree = "<group>"; };
		FD4F2AA42A2BACF500A5D9D0 /* DetailViewModel.swift */ = {isa = PBXFileReference; lastKnownFileType = sourcecode.swift; path = DetailViewModel.swift; sourceTree = "<group>"; };
		FD5E2B7F2A2A54DC00796739 /* TrendingModel.swift */ = {isa = PBXFileReference; lastKnownFileType = sourcecode.swift; path = TrendingModel.swift; sourceTree = "<group>"; };
		FD5E2B812A2A604100796739 /* CollectionRowVerticalView.swift */ = {isa = PBXFileReference; lastKnownFileType = sourcecode.swift; path = CollectionRowVerticalView.swift; sourceTree = "<group>"; };
		FD64CE132A2663EF00EFAF9B /* ContentViewModel.swift */ = {isa = PBXFileReference; lastKnownFileType = sourcecode.swift; path = ContentViewModel.swift; sourceTree = "<group>"; };
		FD7558E02A28DABF0011AFC5 /* CollectionRowHorizontalView.swift */ = {isa = PBXFileReference; lastKnownFileType = sourcecode.swift; path = CollectionRowHorizontalView.swift; sourceTree = "<group>"; };
		FD7B6A0D2A29B85D00857E38 /* CacheImage.swift */ = {isa = PBXFileReference; lastKnownFileType = sourcecode.swift; path = CacheImage.swift; sourceTree = "<group>"; };
		FD7B6A0F2A29B9AB00857E38 /* CacheManager.swift */ = {isa = PBXFileReference; lastKnownFileType = sourcecode.swift; path = CacheManager.swift; sourceTree = "<group>"; };
		FDE8DDF72A27A6C4005A16A3 /* TVSeriesModel.swift */ = {isa = PBXFileReference; lastKnownFileType = sourcecode.swift; path = TVSeriesModel.swift; sourceTree = "<group>"; };
/* End PBXFileReference section */

/* Begin PBXFrameworksBuildPhase section */
		3D2854DC2A25A508008A24D7 /* Frameworks */ = {
			isa = PBXFrameworksBuildPhase;
			buildActionMask = 2147483647;
			files = (
			);
			runOnlyForDeploymentPostprocessing = 0;
		};
/* End PBXFrameworksBuildPhase section */

/* Begin PBXGroup section */
		3D2854D62A25A508008A24D7 = {
			isa = PBXGroup;
			children = (
				3D2854E12A25A508008A24D7 /* MovieFeed */,
				3D2854E02A25A508008A24D7 /* Products */,
			);
			sourceTree = "<group>";
		};
		3D2854E02A25A508008A24D7 /* Products */ = {
			isa = PBXGroup;
			children = (
				3D2854DF2A25A508008A24D7 /* MovieFeed.app */,
			);
			name = Products;
			sourceTree = "<group>";
		};
		3D2854E12A25A508008A24D7 /* MovieFeed */ = {
			isa = PBXGroup;
			children = (
				FDE8DDF92A27A877005A16A3 /* App */,
				FD64CE122A2663CE00EFAF9B /* ViewModel */,
				3DDB5C992A25DA3500729AAD /* Utilities */,
				3D2854F82A25B304008A24D7 /* Service */,
				3D2854F72A25B2FA008A24D7 /* Model */,
				3D2854F52A25B273008A24D7 /* View */,
				3D2854E22A25A508008A24D7 /* MovieFeedApp.swift */,
				3D2854E62A25A50B008A24D7 /* Assets.xcassets */,
				3D2854EB2A25A50B008A24D7 /* Persistence.swift */,
				3D2854ED2A25A50B008A24D7 /* MovieFeed.xcdatamodeld */,
				3D2854E82A25A50B008A24D7 /* Preview Content */,
			);
			path = MovieFeed;
			sourceTree = "<group>";
		};
		3D2854E82A25A50B008A24D7 /* Preview Content */ = {
			isa = PBXGroup;
			children = (
				3D2854E92A25A50B008A24D7 /* Preview Assets.xcassets */,
			);
			path = "Preview Content";
			sourceTree = "<group>";
		};
		3D2854F52A25B273008A24D7 /* View */ = {
			isa = PBXGroup;
			children = (
				3DDB5C952A25CE0C00729AAD /* PosterView.swift */,
				FD7558E02A28DABF0011AFC5 /* CollectionRowHorizontalView.swift */,
				FD5E2B812A2A604100796739 /* CollectionRowVerticalView.swift */,
				FD4F2A9A2A2B9D2500A5D9D0 /* CustomProgressView.swift */,
				FD4F2A9C2A2BA94700A5D9D0 /* LongTextView.swift */,
				FD4F2A9E2A2BAAF600A5D9D0 /* BackdropImageView.swift */,
			);
			path = View;
			sourceTree = "<group>";
		};
		3D2854F72A25B2FA008A24D7 /* Model */ = {
			isa = PBXGroup;
			children = (
				3DDB5C9C2A25DCEE00729AAD /* MovieModel.swift */,
				FDE8DDF72A27A6C4005A16A3 /* TVSeriesModel.swift */,
				FD5E2B7F2A2A54DC00796739 /* TrendingModel.swift */,
			);
			path = Model;
			sourceTree = "<group>";
		};
		3D2854F82A25B304008A24D7 /* Service */ = {
			isa = PBXGroup;
			children = (
				FD7B6A0C2A29B84800857E38 /* Cached */,
				3DDB5C972A25D7DC00729AAD /* ApiService.swift */,
			);
			path = Service;
			sourceTree = "<group>";
		};
		3DDB5C992A25DA3500729AAD /* Utilities */ = {
			isa = PBXGroup;
			children = (
				3DDB5C9A2A25DA5A00729AAD /* ApiURLStrings.swift */,
				3DDB5C9E2A25F6B900729AAD /* Genres.swift */,
			);
			path = Utilities;
			sourceTree = "<group>";
		};
		FD64CE122A2663CE00EFAF9B /* ViewModel */ = {
			isa = PBXGroup;
			children = (
				FD64CE132A2663EF00EFAF9B /* ContentViewModel.swift */,
				FD4F2AA42A2BACF500A5D9D0 /* DetailViewModel.swift */,
			);
			path = ViewModel;
			sourceTree = "<group>";
		};
		FD7B6A0C2A29B84800857E38 /* Cached */ = {
			isa = PBXGroup;
			children = (
				FD7B6A0D2A29B85D00857E38 /* CacheImage.swift */,
				FD7B6A0F2A29B9AB00857E38 /* CacheManager.swift */,
			);
			path = Cached;
			sourceTree = "<group>";
		};
		FDE8DDF92A27A877005A16A3 /* App */ = {
			isa = PBXGroup;
			children = (
				3D2854E42A25A508008A24D7 /* ContentView.swift */,
				3DDB5C932A25CAAF00729AAD /* ContentListView.swift */,
				FD3597DB2A2CFA5A00B6BC6C /* ContentDetailView.swift */,
			);
			path = App;
			sourceTree = "<group>";
		};
/* End PBXGroup section */

/* Begin PBXNativeTarget section */
		3D2854DE2A25A508008A24D7 /* MovieFeed */ = {
			isa = PBXNativeTarget;
			buildConfigurationList = 3D2854F22A25A50B008A24D7 /* Build configuration list for PBXNativeTarget "MovieFeed" */;
			buildPhases = (
				3D2854DB2A25A508008A24D7 /* Sources */,
				3D2854DC2A25A508008A24D7 /* Frameworks */,
				3D2854DD2A25A508008A24D7 /* Resources */,
			);
			buildRules = (
			);
			dependencies = (
			);
			name = MovieFeed;
			productName = MovieFeed;
			productReference = 3D2854DF2A25A508008A24D7 /* MovieFeed.app */;
			productType = "com.apple.product-type.application";
		};
/* End PBXNativeTarget section */

/* Begin PBXProject section */
		3D2854D72A25A508008A24D7 /* Project object */ = {
			isa = PBXProject;
			attributes = {
				BuildIndependentTargetsInParallel = 1;
				LastSwiftUpdateCheck = 1420;
				LastUpgradeCheck = 1420;
				TargetAttributes = {
					3D2854DE2A25A508008A24D7 = {
						CreatedOnToolsVersion = 14.2;
					};
				};
			};
			buildConfigurationList = 3D2854DA2A25A508008A24D7 /* Build configuration list for PBXProject "MovieFeed" */;
			compatibilityVersion = "Xcode 14.0";
			developmentRegion = en;
			hasScannedForEncodings = 0;
			knownRegions = (
				en,
				Base,
			);
			mainGroup = 3D2854D62A25A508008A24D7;
			productRefGroup = 3D2854E02A25A508008A24D7 /* Products */;
			projectDirPath = "";
			projectRoot = "";
			targets = (
				3D2854DE2A25A508008A24D7 /* MovieFeed */,
			);
		};
/* End PBXProject section */

/* Begin PBXResourcesBuildPhase section */
		3D2854DD2A25A508008A24D7 /* Resources */ = {
			isa = PBXResourcesBuildPhase;
			buildActionMask = 2147483647;
			files = (
				3D2854EA2A25A50B008A24D7 /* Preview Assets.xcassets in Resources */,
				3D2854E72A25A50B008A24D7 /* Assets.xcassets in Resources */,
			);
			runOnlyForDeploymentPostprocessing = 0;
		};
/* End PBXResourcesBuildPhase section */

/* Begin PBXSourcesBuildPhase section */
		3D2854DB2A25A508008A24D7 /* Sources */ = {
			isa = PBXSourcesBuildPhase;
			buildActionMask = 2147483647;
			files = (
				3DDB5C9D2A25DCEE00729AAD /* MovieModel.swift in Sources */,
				FD7B6A102A29B9AB00857E38 /* CacheManager.swift in Sources */,
				FD4F2A9F2A2BAAF600A5D9D0 /* BackdropImageView.swift in Sources */,
				FD4F2A9B2A2B9D2500A5D9D0 /* CustomProgressView.swift in Sources */,
				FD3597DC2A2CFA5A00B6BC6C /* ContentDetailView.swift in Sources */,
				FD7558E12A28DABF0011AFC5 /* CollectionRowHorizontalView.swift in Sources */,
				3DDB5C9F2A25F6B900729AAD /* Genres.swift in Sources */,
				3D2854EC2A25A50B008A24D7 /* Persistence.swift in Sources */,
				3D2854E52A25A508008A24D7 /* ContentView.swift in Sources */,
				FDE8DDF82A27A6C4005A16A3 /* TVSeriesModel.swift in Sources */,
				FD4F2AA52A2BACF500A5D9D0 /* DetailViewModel.swift in Sources */,
				FD4F2A9D2A2BA94700A5D9D0 /* LongTextView.swift in Sources */,
				3DDB5C942A25CAAF00729AAD /* ContentListView.swift in Sources */,
				3D2854EF2A25A50B008A24D7 /* MovieFeed.xcdatamodeld in Sources */,
				3D2854E32A25A508008A24D7 /* MovieFeedApp.swift in Sources */,
				FD5E2B802A2A54DC00796739 /* TrendingModel.swift in Sources */,
				FD64CE142A2663EF00EFAF9B /* ContentViewModel.swift in Sources */,
				FD7B6A0E2A29B85D00857E38 /* CacheImage.swift in Sources */,
				FD5E2B822A2A604100796739 /* CollectionRowVerticalView.swift in Sources */,
				3DDB5C9B2A25DA5A00729AAD /* ApiURLStrings.swift in Sources */,
				3DDB5C982A25D7DC00729AAD /* ApiService.swift in Sources */,
				3DDB5C962A25CE0C00729AAD /* PosterView.swift in Sources */,
			);
			runOnlyForDeploymentPostprocessing = 0;
		};
/* End PBXSourcesBuildPhase section */

/* Begin XCBuildConfiguration section */
		3D2854F02A25A50B008A24D7 /* Debug */ = {
			isa = XCBuildConfiguration;
			buildSettings = {
				ALWAYS_SEARCH_USER_PATHS = NO;
				CLANG_ANALYZER_NONNULL = YES;
				CLANG_ANALYZER_NUMBER_OBJECT_CONVERSION = YES_AGGRESSIVE;
				CLANG_CXX_LANGUAGE_STANDARD = "gnu++20";
				CLANG_ENABLE_MODULES = YES;
				CLANG_ENABLE_OBJC_ARC = YES;
				CLANG_ENABLE_OBJC_WEAK = YES;
				CLANG_WARN_BLOCK_CAPTURE_AUTORELEASING = YES;
				CLANG_WARN_BOOL_CONVERSION = YES;
				CLANG_WARN_COMMA = YES;
				CLANG_WARN_CONSTANT_CONVERSION = YES;
				CLANG_WARN_DEPRECATED_OBJC_IMPLEMENTATIONS = YES;
				CLANG_WARN_DIRECT_OBJC_ISA_USAGE = YES_ERROR;
				CLANG_WARN_DOCUMENTATION_COMMENTS = YES;
				CLANG_WARN_EMPTY_BODY = YES;
				CLANG_WARN_ENUM_CONVERSION = YES;
				CLANG_WARN_INFINITE_RECURSION = YES;
				CLANG_WARN_INT_CONVERSION = YES;
				CLANG_WARN_NON_LITERAL_NULL_CONVERSION = YES;
				CLANG_WARN_OBJC_IMPLICIT_RETAIN_SELF = YES;
				CLANG_WARN_OBJC_LITERAL_CONVERSION = YES;
				CLANG_WARN_OBJC_ROOT_CLASS = YES_ERROR;
				CLANG_WARN_QUOTED_INCLUDE_IN_FRAMEWORK_HEADER = YES;
				CLANG_WARN_RANGE_LOOP_ANALYSIS = YES;
				CLANG_WARN_STRICT_PROTOTYPES = YES;
				CLANG_WARN_SUSPICIOUS_MOVE = YES;
				CLANG_WARN_UNGUARDED_AVAILABILITY = YES_AGGRESSIVE;
				CLANG_WARN_UNREACHABLE_CODE = YES;
				CLANG_WARN__DUPLICATE_METHOD_MATCH = YES;
				COPY_PHASE_STRIP = NO;
				DEBUG_INFORMATION_FORMAT = dwarf;
				ENABLE_STRICT_OBJC_MSGSEND = YES;
				ENABLE_TESTABILITY = YES;
				GCC_C_LANGUAGE_STANDARD = gnu11;
				GCC_DYNAMIC_NO_PIC = NO;
				GCC_NO_COMMON_BLOCKS = YES;
				GCC_OPTIMIZATION_LEVEL = 0;
				GCC_PREPROCESSOR_DEFINITIONS = (
					"DEBUG=1",
					"$(inherited)",
				);
				GCC_WARN_64_TO_32_BIT_CONVERSION = YES;
				GCC_WARN_ABOUT_RETURN_TYPE = YES_ERROR;
				GCC_WARN_UNDECLARED_SELECTOR = YES;
				GCC_WARN_UNINITIALIZED_AUTOS = YES_AGGRESSIVE;
				GCC_WARN_UNUSED_FUNCTION = YES;
				GCC_WARN_UNUSED_VARIABLE = YES;
				IPHONEOS_DEPLOYMENT_TARGET = 16.2;
				MTL_ENABLE_DEBUG_INFO = INCLUDE_SOURCE;
				MTL_FAST_MATH = YES;
				ONLY_ACTIVE_ARCH = YES;
				SDKROOT = iphoneos;
				SWIFT_ACTIVE_COMPILATION_CONDITIONS = DEBUG;
				SWIFT_OPTIMIZATION_LEVEL = "-Onone";
			};
			name = Debug;
		};
		3D2854F12A25A50B008A24D7 /* Release */ = {
			isa = XCBuildConfiguration;
			buildSettings = {
				ALWAYS_SEARCH_USER_PATHS = NO;
				CLANG_ANALYZER_NONNULL = YES;
				CLANG_ANALYZER_NUMBER_OBJECT_CONVERSION = YES_AGGRESSIVE;
				CLANG_CXX_LANGUAGE_STANDARD = "gnu++20";
				CLANG_ENABLE_MODULES = YES;
				CLANG_ENABLE_OBJC_ARC = YES;
				CLANG_ENABLE_OBJC_WEAK = YES;
				CLANG_WARN_BLOCK_CAPTURE_AUTORELEASING = YES;
				CLANG_WARN_BOOL_CONVERSION = YES;
				CLANG_WARN_COMMA = YES;
				CLANG_WARN_CONSTANT_CONVERSION = YES;
				CLANG_WARN_DEPRECATED_OBJC_IMPLEMENTATIONS = YES;
				CLANG_WARN_DIRECT_OBJC_ISA_USAGE = YES_ERROR;
				CLANG_WARN_DOCUMENTATION_COMMENTS = YES;
				CLANG_WARN_EMPTY_BODY = YES;
				CLANG_WARN_ENUM_CONVERSION = YES;
				CLANG_WARN_INFINITE_RECURSION = YES;
				CLANG_WARN_INT_CONVERSION = YES;
				CLANG_WARN_NON_LITERAL_NULL_CONVERSION = YES;
				CLANG_WARN_OBJC_IMPLICIT_RETAIN_SELF = YES;
				CLANG_WARN_OBJC_LITERAL_CONVERSION = YES;
				CLANG_WARN_OBJC_ROOT_CLASS = YES_ERROR;
				CLANG_WARN_QUOTED_INCLUDE_IN_FRAMEWORK_HEADER = YES;
				CLANG_WARN_RANGE_LOOP_ANALYSIS = YES;
				CLANG_WARN_STRICT_PROTOTYPES = YES;
				CLANG_WARN_SUSPICIOUS_MOVE = YES;
				CLANG_WARN_UNGUARDED_AVAILABILITY = YES_AGGRESSIVE;
				CLANG_WARN_UNREACHABLE_CODE = YES;
				CLANG_WARN__DUPLICATE_METHOD_MATCH = YES;
				COPY_PHASE_STRIP = NO;
				DEBUG_INFORMATION_FORMAT = "dwarf-with-dsym";
				ENABLE_NS_ASSERTIONS = NO;
				ENABLE_STRICT_OBJC_MSGSEND = YES;
				GCC_C_LANGUAGE_STANDARD = gnu11;
				GCC_NO_COMMON_BLOCKS = YES;
				GCC_WARN_64_TO_32_BIT_CONVERSION = YES;
				GCC_WARN_ABOUT_RETURN_TYPE = YES_ERROR;
				GCC_WARN_UNDECLARED_SELECTOR = YES;
				GCC_WARN_UNINITIALIZED_AUTOS = YES_AGGRESSIVE;
				GCC_WARN_UNUSED_FUNCTION = YES;
				GCC_WARN_UNUSED_VARIABLE = YES;
				IPHONEOS_DEPLOYMENT_TARGET = 16.2;
				MTL_ENABLE_DEBUG_INFO = NO;
				MTL_FAST_MATH = YES;
				SDKROOT = iphoneos;
				SWIFT_COMPILATION_MODE = wholemodule;
				SWIFT_OPTIMIZATION_LEVEL = "-O";
				VALIDATE_PRODUCT = YES;
			};
			name = Release;
		};
		3D2854F32A25A50B008A24D7 /* Debug */ = {
			isa = XCBuildConfiguration;
			buildSettings = {
				ASSETCATALOG_COMPILER_APPICON_NAME = AppIcon;
				ASSETCATALOG_COMPILER_GLOBAL_ACCENT_COLOR_NAME = AccentColor;
				CODE_SIGN_STYLE = Automatic;
				CURRENT_PROJECT_VERSION = 1;
				DEVELOPMENT_ASSET_PATHS = "\"MovieFeed/Preview Content\"";
				DEVELOPMENT_TEAM = A2KT8CVF73;
				ENABLE_PREVIEWS = YES;
				GENERATE_INFOPLIST_FILE = YES;
				INFOPLIST_KEY_UIApplicationSceneManifest_Generation = YES;
				INFOPLIST_KEY_UIApplicationSupportsIndirectInputEvents = YES;
				INFOPLIST_KEY_UILaunchScreen_Generation = YES;
				INFOPLIST_KEY_UISupportedInterfaceOrientations_iPad = "UIInterfaceOrientationPortrait UIInterfaceOrientationPortraitUpsideDown UIInterfaceOrientationLandscapeLeft UIInterfaceOrientationLandscapeRight";
				INFOPLIST_KEY_UISupportedInterfaceOrientations_iPhone = "UIInterfaceOrientationPortrait UIInterfaceOrientationLandscapeLeft UIInterfaceOrientationLandscapeRight";
				LD_RUNPATH_SEARCH_PATHS = (
					"$(inherited)",
					"@executable_path/Frameworks",
				);
				MARKETING_VERSION = 1.0;
				PRODUCT_BUNDLE_IDENTIFIER = com.rehnuma.MovieFeed;
				PRODUCT_NAME = "$(TARGET_NAME)";
				SWIFT_EMIT_LOC_STRINGS = YES;
				SWIFT_VERSION = 5.0;
				TARGETED_DEVICE_FAMILY = "1,2";
			};
			name = Debug;
		};
		3D2854F42A25A50B008A24D7 /* Release */ = {
			isa = XCBuildConfiguration;
			buildSettings = {
				ASSETCATALOG_COMPILER_APPICON_NAME = AppIcon;
				ASSETCATALOG_COMPILER_GLOBAL_ACCENT_COLOR_NAME = AccentColor;
				CODE_SIGN_STYLE = Automatic;
				CURRENT_PROJECT_VERSION = 1;
				DEVELOPMENT_ASSET_PATHS = "\"MovieFeed/Preview Content\"";
				DEVELOPMENT_TEAM = A2KT8CVF73;
				ENABLE_PREVIEWS = YES;
				GENERATE_INFOPLIST_FILE = YES;
				INFOPLIST_KEY_UIApplicationSceneManifest_Generation = YES;
				INFOPLIST_KEY_UIApplicationSupportsIndirectInputEvents = YES;
				INFOPLIST_KEY_UILaunchScreen_Generation = YES;
				INFOPLIST_KEY_UISupportedInterfaceOrientations_iPad = "UIInterfaceOrientationPortrait UIInterfaceOrientationPortraitUpsideDown UIInterfaceOrientationLandscapeLeft UIInterfaceOrientationLandscapeRight";
				INFOPLIST_KEY_UISupportedInterfaceOrientations_iPhone = "UIInterfaceOrientationPortrait UIInterfaceOrientationLandscapeLeft UIInterfaceOrientationLandscapeRight";
				LD_RUNPATH_SEARCH_PATHS = (
					"$(inherited)",
					"@executable_path/Frameworks",
				);
				MARKETING_VERSION = 1.0;
				PRODUCT_BUNDLE_IDENTIFIER = com.rehnuma.MovieFeed;
				PRODUCT_NAME = "$(TARGET_NAME)";
				SWIFT_EMIT_LOC_STRINGS = YES;
				SWIFT_VERSION = 5.0;
				TARGETED_DEVICE_FAMILY = "1,2";
			};
			name = Release;
		};
/* End XCBuildConfiguration section */

/* Begin XCConfigurationList section */
		3D2854DA2A25A508008A24D7 /* Build configuration list for PBXProject "MovieFeed" */ = {
			isa = XCConfigurationList;
			buildConfigurations = (
				3D2854F02A25A50B008A24D7 /* Debug */,
				3D2854F12A25A50B008A24D7 /* Release */,
			);
			defaultConfigurationIsVisible = 0;
			defaultConfigurationName = Release;
		};
		3D2854F22A25A50B008A24D7 /* Build configuration list for PBXNativeTarget "MovieFeed" */ = {
			isa = XCConfigurationList;
			buildConfigurations = (
				3D2854F32A25A50B008A24D7 /* Debug */,
				3D2854F42A25A50B008A24D7 /* Release */,
			);
			defaultConfigurationIsVisible = 0;
			defaultConfigurationName = Release;
		};
/* End XCConfigurationList section */

/* Begin XCVersionGroup section */
		3D2854ED2A25A50B008A24D7 /* MovieFeed.xcdatamodeld */ = {
			isa = XCVersionGroup;
			children = (
				3D2854EE2A25A50B008A24D7 /* MovieFeed.xcdatamodel */,
			);
			currentVersion = 3D2854EE2A25A50B008A24D7 /* MovieFeed.xcdatamodel */;
			path = MovieFeed.xcdatamodeld;
			sourceTree = "<group>";
			versionGroupType = wrapper.xcdatamodel;
		};
/* End XCVersionGroup section */
	};
	rootObject = 3D2854D72A25A508008A24D7 /* Project object */;
}
